// !$*UTF8*$!
{
	archiveVersion = 1;
	classes = {
	};
	objectVersion = 48;
	objects = {

/* Begin PBXBuildFile section */
		061E7FFD22FD0903003C9559 /* CASpringAnimationViewController.m in Sources */ = {isa = PBXBuildFile; fileRef = 061E7FFA22FD0903003C9559 /* CASpringAnimationViewController.m */; };
		061E7FFE22FD0903003C9559 /* CASpringAnimationListViewController.m in Sources */ = {isa = PBXBuildFile; fileRef = 061E7FFC22FD0903003C9559 /* CASpringAnimationListViewController.m */; };
		061E800522FD0A9B003C9559 /* Const.m in Sources */ = {isa = PBXBuildFile; fileRef = 061E800422FD0A9B003C9559 /* Const.m */; };
		061E800A22FD13B5003C9559 /* CAAnimationGroupListViewController.m in Sources */ = {isa = PBXBuildFile; fileRef = 061E800622FD13B5003C9559 /* CAAnimationGroupListViewController.m */; };
		061E800B22FD13B5003C9559 /* CAAnimationGroupViewController.m in Sources */ = {isa = PBXBuildFile; fileRef = 061E800722FD13B5003C9559 /* CAAnimationGroupViewController.m */; };
		061E801422FD4704003C9559 /* CAAnimationHintViewController.m in Sources */ = {isa = PBXBuildFile; fileRef = 061E801322FD4704003C9559 /* CAAnimationHintViewController.m */; };
		84681467204596EF00395059 /* CABasicAnimationViewController.m in Sources */ = {isa = PBXBuildFile; fileRef = 84681466204596EF00395059 /* CABasicAnimationViewController.m */; };
		8468146A2045971200395059 /* CABasicAnimationListViewController.m in Sources */ = {isa = PBXBuildFile; fileRef = 846814692045971200395059 /* CABasicAnimationListViewController.m */; };
		847BC042204CEF8100D85C17 /* BeautifulSceneViewController.m in Sources */ = {isa = PBXBuildFile; fileRef = 847BC041204CEF8100D85C17 /* BeautifulSceneViewController.m */; };
		847BC045204D1D1300D85C17 /* CATransitionListViewController.m in Sources */ = {isa = PBXBuildFile; fileRef = 847BC044204D1D1300D85C17 /* CATransitionListViewController.m */; };
		847BC048204D1DB500D85C17 /* CATransitionViewController.m in Sources */ = {isa = PBXBuildFile; fileRef = 847BC047204D1DB500D85C17 /* CATransitionViewController.m */; };
		849BC45F2046961800A2D9B6 /* CAKeyframeAnimationListViewController.m in Sources */ = {isa = PBXBuildFile; fileRef = 849BC45E2046961800A2D9B6 /* CAKeyframeAnimationListViewController.m */; };
		849BC4622046962700A2D9B6 /* CAKeyframeAnimationViewController.m in Sources */ = {isa = PBXBuildFile; fileRef = 849BC4612046962700A2D9B6 /* CAKeyframeAnimationViewController.m */; };
		84C9E5ED2047C87200C19B8A /* OtherListViewController.m in Sources */ = {isa = PBXBuildFile; fileRef = 84C9E5EC2047C87200C19B8A /* OtherListViewController.m */; };
		84C9E5F02047C8FB00C19B8A /* OtherViewController.m in Sources */ = {isa = PBXBuildFile; fileRef = 84C9E5EF2047C8FB00C19B8A /* OtherViewController.m */; };
		84CBC1E920457EB500B1EBC0 /* AppDelegate.m in Sources */ = {isa = PBXBuildFile; fileRef = 84CBC1E820457EB500B1EBC0 /* AppDelegate.m */; };
		84CBC1EF20457EB500B1EBC0 /* Main.storyboard in Resources */ = {isa = PBXBuildFile; fileRef = 84CBC1ED20457EB500B1EBC0 /* Main.storyboard */; };
		84CBC1F220457EB500B1EBC0 /* CAAnimation.xcdatamodeld in Sources */ = {isa = PBXBuildFile; fileRef = 84CBC1F020457EB500B1EBC0 /* CAAnimation.xcdatamodeld */; };
		84CBC1F420457EB500B1EBC0 /* Assets.xcassets in Resources */ = {isa = PBXBuildFile; fileRef = 84CBC1F320457EB500B1EBC0 /* Assets.xcassets */; };
		84CBC1F720457EB500B1EBC0 /* LaunchScreen.storyboard in Resources */ = {isa = PBXBuildFile; fileRef = 84CBC1F520457EB500B1EBC0 /* LaunchScreen.storyboard */; };
		84CBC1FA20457EB500B1EBC0 /* main.m in Sources */ = {isa = PBXBuildFile; fileRef = 84CBC1F920457EB500B1EBC0 /* main.m */; };
		84CBC20420457EB500B1EBC0 /* CAAnimationTests.m in Sources */ = {isa = PBXBuildFile; fileRef = 84CBC20320457EB500B1EBC0 /* CAAnimationTests.m */; };
		84CBC20F20457EB500B1EBC0 /* CAAnimationUITests.m in Sources */ = {isa = PBXBuildFile; fileRef = 84CBC20E20457EB500B1EBC0 /* CAAnimationUITests.m */; };
		84CBC22A2045848400B1EBC0 /* BTSNavigationController.m in Sources */ = {isa = PBXBuildFile; fileRef = 84CBC2292045848400B1EBC0 /* BTSNavigationController.m */; };
		84CBC23020458C1300B1EBC0 /* BTSBaseViewController.m in Sources */ = {isa = PBXBuildFile; fileRef = 84CBC22F20458C1300B1EBC0 /* BTSBaseViewController.m */; };
		84CBC23320458E2100B1EBC0 /* CAAnimationViewController.m in Sources */ = {isa = PBXBuildFile; fileRef = 84CBC23220458E2100B1EBC0 /* CAAnimationViewController.m */; };
/* End PBXBuildFile section */

/* Begin PBXContainerItemProxy section */
		84CBC20020457EB500B1EBC0 /* PBXContainerItemProxy */ = {
			isa = PBXContainerItemProxy;
			containerPortal = 84CBC1DC20457EB400B1EBC0 /* Project object */;
			proxyType = 1;
			remoteGlobalIDString = 84CBC1E320457EB400B1EBC0;
			remoteInfo = CAAnimation;
		};
		84CBC20B20457EB500B1EBC0 /* PBXContainerItemProxy */ = {
			isa = PBXContainerItemProxy;
			containerPortal = 84CBC1DC20457EB400B1EBC0 /* Project object */;
			proxyType = 1;
			remoteGlobalIDString = 84CBC1E320457EB400B1EBC0;
			remoteInfo = CAAnimation;
		};
/* End PBXContainerItemProxy section */

/* Begin PBXFileReference section */
		061E7FF922FD0903003C9559 /* CASpringAnimationViewController.h */ = {isa = PBXFileReference; fileEncoding = 4; lastKnownFileType = sourcecode.c.h; path = CASpringAnimationViewController.h; sourceTree = "<group>"; };
		061E7FFA22FD0903003C9559 /* CASpringAnimationViewController.m */ = {isa = PBXFileReference; fileEncoding = 4; lastKnownFileType = sourcecode.c.objc; path = CASpringAnimationViewController.m; sourceTree = "<group>"; };
		061E7FFB22FD0903003C9559 /* CASpringAnimationListViewController.h */ = {isa = PBXFileReference; fileEncoding = 4; lastKnownFileType = sourcecode.c.h; path = CASpringAnimationListViewController.h; sourceTree = "<group>"; };
		061E7FFC22FD0903003C9559 /* CASpringAnimationListViewController.m */ = {isa = PBXFileReference; fileEncoding = 4; lastKnownFileType = sourcecode.c.objc; path = CASpringAnimationListViewController.m; sourceTree = "<group>"; };
		061E800322FD0A9B003C9559 /* Const.h */ = {isa = PBXFileReference; lastKnownFileType = sourcecode.c.h; path = Const.h; sourceTree = "<group>"; };
		061E800422FD0A9B003C9559 /* Const.m */ = {isa = PBXFileReference; lastKnownFileType = sourcecode.c.objc; path = Const.m; sourceTree = "<group>"; };
		061E800622FD13B5003C9559 /* CAAnimationGroupListViewController.m */ = {isa = PBXFileReference; fileEncoding = 4; lastKnownFileType = sourcecode.c.objc; path = CAAnimationGroupListViewController.m; sourceTree = "<group>"; };
		061E800722FD13B5003C9559 /* CAAnimationGroupViewController.m */ = {isa = PBXFileReference; fileEncoding = 4; lastKnownFileType = sourcecode.c.objc; path = CAAnimationGroupViewController.m; sourceTree = "<group>"; };
		061E800822FD13B5003C9559 /* CAAnimationGroupViewController.h */ = {isa = PBXFileReference; fileEncoding = 4; lastKnownFileType = sourcecode.c.h; path = CAAnimationGroupViewController.h; sourceTree = "<group>"; };
		061E800922FD13B5003C9559 /* CAAnimationGroupListViewController.h */ = {isa = PBXFileReference; fileEncoding = 4; lastKnownFileType = sourcecode.c.h; path = CAAnimationGroupListViewController.h; sourceTree = "<group>"; };
		061E801222FD4704003C9559 /* CAAnimationHintViewController.h */ = {isa = PBXFileReference; fileEncoding = 4; lastKnownFileType = sourcecode.c.h; path = CAAnimationHintViewController.h; sourceTree = "<group>"; };
		061E801322FD4704003C9559 /* CAAnimationHintViewController.m */ = {isa = PBXFileReference; fileEncoding = 4; lastKnownFileType = sourcecode.c.objc; path = CAAnimationHintViewController.m; sourceTree = "<group>"; };
		84681465204596EF00395059 /* CABasicAnimationViewController.h */ = {isa = PBXFileReference; lastKnownFileType = sourcecode.c.h; path = CABasicAnimationViewController.h; sourceTree = "<group>"; };
		84681466204596EF00395059 /* CABasicAnimationViewController.m */ = {isa = PBXFileReference; lastKnownFileType = sourcecode.c.objc; path = CABasicAnimationViewController.m; sourceTree = "<group>"; };
		846814682045971200395059 /* CABasicAnimationListViewController.h */ = {isa = PBXFileReference; lastKnownFileType = sourcecode.c.h; path = CABasicAnimationListViewController.h; sourceTree = "<group>"; };
		846814692045971200395059 /* CABasicAnimationListViewController.m */ = {isa = PBXFileReference; lastKnownFileType = sourcecode.c.objc; path = CABasicAnimationListViewController.m; sourceTree = "<group>"; };
		847BC040204CEF8100D85C17 /* BeautifulSceneViewController.h */ = {isa = PBXFileReference; lastKnownFileType = sourcecode.c.h; path = BeautifulSceneViewController.h; sourceTree = "<group>"; };
		847BC041204CEF8100D85C17 /* BeautifulSceneViewController.m */ = {isa = PBXFileReference; lastKnownFileType = sourcecode.c.objc; path = BeautifulSceneViewController.m; sourceTree = "<group>"; };
		847BC043204D1D1300D85C17 /* CATransitionListViewController.h */ = {isa = PBXFileReference; lastKnownFileType = sourcecode.c.h; path = CATransitionListViewController.h; sourceTree = "<group>"; };
		847BC044204D1D1300D85C17 /* CATransitionListViewController.m */ = {isa = PBXFileReference; lastKnownFileType = sourcecode.c.objc; path = CATransitionListViewController.m; sourceTree = "<group>"; };
		847BC046204D1DB500D85C17 /* CATransitionViewController.h */ = {isa = PBXFileReference; lastKnownFileType = sourcecode.c.h; path = CATransitionViewController.h; sourceTree = "<group>"; };
		847BC047204D1DB500D85C17 /* CATransitionViewController.m */ = {isa = PBXFileReference; lastKnownFileType = sourcecode.c.objc; path = CATransitionViewController.m; sourceTree = "<group>"; };
		849BC45D2046961800A2D9B6 /* CAKeyframeAnimationListViewController.h */ = {isa = PBXFileReference; lastKnownFileType = sourcecode.c.h; path = CAKeyframeAnimationListViewController.h; sourceTree = "<group>"; };
		849BC45E2046961800A2D9B6 /* CAKeyframeAnimationListViewController.m */ = {isa = PBXFileReference; lastKnownFileType = sourcecode.c.objc; path = CAKeyframeAnimationListViewController.m; sourceTree = "<group>"; };
		849BC4602046962700A2D9B6 /* CAKeyframeAnimationViewController.h */ = {isa = PBXFileReference; lastKnownFileType = sourcecode.c.h; path = CAKeyframeAnimationViewController.h; sourceTree = "<group>"; };
		849BC4612046962700A2D9B6 /* CAKeyframeAnimationViewController.m */ = {isa = PBXFileReference; lastKnownFileType = sourcecode.c.objc; path = CAKeyframeAnimationViewController.m; sourceTree = "<group>"; };
		84C9E5EB2047C87200C19B8A /* OtherListViewController.h */ = {isa = PBXFileReference; lastKnownFileType = sourcecode.c.h; path = OtherListViewController.h; sourceTree = "<group>"; };
		84C9E5EC2047C87200C19B8A /* OtherListViewController.m */ = {isa = PBXFileReference; lastKnownFileType = sourcecode.c.objc; path = OtherListViewController.m; sourceTree = "<group>"; };
		84C9E5EE2047C8FB00C19B8A /* OtherViewController.h */ = {isa = PBXFileReference; lastKnownFileType = sourcecode.c.h; path = OtherViewController.h; sourceTree = "<group>"; };
		84C9E5EF2047C8FB00C19B8A /* OtherViewController.m */ = {isa = PBXFileReference; lastKnownFileType = sourcecode.c.objc; path = OtherViewController.m; sourceTree = "<group>"; };
		84CBC1E420457EB400B1EBC0 /* CAAnimation.app */ = {isa = PBXFileReference; explicitFileType = wrapper.application; includeInIndex = 0; path = CAAnimation.app; sourceTree = BUILT_PRODUCTS_DIR; };
		84CBC1E720457EB400B1EBC0 /* AppDelegate.h */ = {isa = PBXFileReference; lastKnownFileType = sourcecode.c.h; path = AppDelegate.h; sourceTree = "<group>"; };
		84CBC1E820457EB500B1EBC0 /* AppDelegate.m */ = {isa = PBXFileReference; lastKnownFileType = sourcecode.c.objc; path = AppDelegate.m; sourceTree = "<group>"; };
		84CBC1EE20457EB500B1EBC0 /* Base */ = {isa = PBXFileReference; lastKnownFileType = file.storyboard; name = Base; path = Base.lproj/Main.storyboard; sourceTree = "<group>"; };
		84CBC1F120457EB500B1EBC0 /* CAAnimation.xcdatamodel */ = {isa = PBXFileReference; lastKnownFileType = wrapper.xcdatamodel; path = CAAnimation.xcdatamodel; sourceTree = "<group>"; };
		84CBC1F320457EB500B1EBC0 /* Assets.xcassets */ = {isa = PBXFileReference; lastKnownFileType = folder.assetcatalog; path = Assets.xcassets; sourceTree = "<group>"; };
		84CBC1F620457EB500B1EBC0 /* Base */ = {isa = PBXFileReference; lastKnownFileType = file.storyboard; name = Base; path = Base.lproj/LaunchScreen.storyboard; sourceTree = "<group>"; };
		84CBC1F820457EB500B1EBC0 /* Info.plist */ = {isa = PBXFileReference; lastKnownFileType = text.plist.xml; path = Info.plist; sourceTree = "<group>"; };
		84CBC1F920457EB500B1EBC0 /* main.m */ = {isa = PBXFileReference; lastKnownFileType = sourcecode.c.objc; path = main.m; sourceTree = "<group>"; };
		84CBC1FF20457EB500B1EBC0 /* CAAnimationTests.xctest */ = {isa = PBXFileReference; explicitFileType = wrapper.cfbundle; includeInIndex = 0; path = CAAnimationTests.xctest; sourceTree = BUILT_PRODUCTS_DIR; };
		84CBC20320457EB500B1EBC0 /* CAAnimationTests.m */ = {isa = PBXFileReference; lastKnownFileType = sourcecode.c.objc; path = CAAnimationTests.m; sourceTree = "<group>"; };
		84CBC20520457EB500B1EBC0 /* Info.plist */ = {isa = PBXFileReference; lastKnownFileType = text.plist.xml; path = Info.plist; sourceTree = "<group>"; };
		84CBC20A20457EB500B1EBC0 /* CAAnimationUITests.xctest */ = {isa = PBXFileReference; explicitFileType = wrapper.cfbundle; includeInIndex = 0; path = CAAnimationUITests.xctest; sourceTree = BUILT_PRODUCTS_DIR; };
		84CBC20E20457EB500B1EBC0 /* CAAnimationUITests.m */ = {isa = PBXFileReference; lastKnownFileType = sourcecode.c.objc; path = CAAnimationUITests.m; sourceTree = "<group>"; };
		84CBC21020457EB500B1EBC0 /* Info.plist */ = {isa = PBXFileReference; lastKnownFileType = text.plist.xml; path = Info.plist; sourceTree = "<group>"; };
		84CBC2282045848400B1EBC0 /* BTSNavigationController.h */ = {isa = PBXFileReference; lastKnownFileType = sourcecode.c.h; path = BTSNavigationController.h; sourceTree = "<group>"; };
		84CBC2292045848400B1EBC0 /* BTSNavigationController.m */ = {isa = PBXFileReference; lastKnownFileType = sourcecode.c.objc; path = BTSNavigationController.m; sourceTree = "<group>"; };
		84CBC22E20458C1300B1EBC0 /* BTSBaseViewController.h */ = {isa = PBXFileReference; lastKnownFileType = sourcecode.c.h; path = BTSBaseViewController.h; sourceTree = "<group>"; };
		84CBC22F20458C1300B1EBC0 /* BTSBaseViewController.m */ = {isa = PBXFileReference; lastKnownFileType = sourcecode.c.objc; path = BTSBaseViewController.m; sourceTree = "<group>"; };
		84CBC23120458E2000B1EBC0 /* CAAnimationViewController.h */ = {isa = PBXFileReference; lastKnownFileType = sourcecode.c.h; path = CAAnimationViewController.h; sourceTree = "<group>"; };
		84CBC23220458E2100B1EBC0 /* CAAnimationViewController.m */ = {isa = PBXFileReference; lastKnownFileType = sourcecode.c.objc; path = CAAnimationViewController.m; sourceTree = "<group>"; };
		84CBC2372045902200B1EBC0 /* Macro.h */ = {isa = PBXFileReference; fileEncoding = 4; lastKnownFileType = sourcecode.c.h; path = Macro.h; sourceTree = "<group>"; };
/* End PBXFileReference section */

/* Begin PBXFrameworksBuildPhase section */
		84CBC1E120457EB400B1EBC0 /* Frameworks */ = {
			isa = PBXFrameworksBuildPhase;
			buildActionMask = 2147483647;
			files = (
			);
			runOnlyForDeploymentPostprocessing = 0;
		};
		84CBC1FC20457EB500B1EBC0 /* Frameworks */ = {
			isa = PBXFrameworksBuildPhase;
			buildActionMask = 2147483647;
			files = (
			);
			runOnlyForDeploymentPostprocessing = 0;
		};
		84CBC20720457EB500B1EBC0 /* Frameworks */ = {
			isa = PBXFrameworksBuildPhase;
			buildActionMask = 2147483647;
			files = (
			);
			runOnlyForDeploymentPostprocessing = 0;
		};
/* End PBXFrameworksBuildPhase section */

/* Begin PBXGroup section */
		061E800222FD0A91003C9559 /* Const */ = {
			isa = PBXGroup;
			children = (
				061E800322FD0A9B003C9559 /* Const.h */,
				061E800422FD0A9B003C9559 /* Const.m */,
			);
			path = Const;
			sourceTree = "<group>";
		};
		849BC455204695D400A2D9B6 /* CAKeyframeAnimation */ = {
			isa = PBXGroup;
			children = (
				849BC456204695D400A2D9B6 /* Controller */,
			);
			path = CAKeyframeAnimation;
			sourceTree = "<group>";
		};
		849BC456204695D400A2D9B6 /* Controller */ = {
			isa = PBXGroup;
			children = (
				849BC45D2046961800A2D9B6 /* CAKeyframeAnimationListViewController.h */,
				849BC45E2046961800A2D9B6 /* CAKeyframeAnimationListViewController.m */,
				849BC4602046962700A2D9B6 /* CAKeyframeAnimationViewController.h */,
				849BC4612046962700A2D9B6 /* CAKeyframeAnimationViewController.m */,
				847BC040204CEF8100D85C17 /* BeautifulSceneViewController.h */,
				847BC041204CEF8100D85C17 /* BeautifulSceneViewController.m */,
			);
			path = Controller;
			sourceTree = "<group>";
		};
		849BC457204695DE00A2D9B6 /* CASpringAnimation */ = {
			isa = PBXGroup;
			children = (
				849BC458204695DE00A2D9B6 /* Controller */,
			);
			path = CASpringAnimation;
			sourceTree = "<group>";
		};
		849BC458204695DE00A2D9B6 /* Controller */ = {
			isa = PBXGroup;
			children = (
				061E7FFB22FD0903003C9559 /* CASpringAnimationListViewController.h */,
				061E7FFC22FD0903003C9559 /* CASpringAnimationListViewController.m */,
				061E7FF922FD0903003C9559 /* CASpringAnimationViewController.h */,
				061E7FFA22FD0903003C9559 /* CASpringAnimationViewController.m */,
			);
			path = Controller;
			sourceTree = "<group>";
		};
		849BC459204695E900A2D9B6 /* CATransition */ = {
			isa = PBXGroup;
			children = (
				849BC45A204695E900A2D9B6 /* Controller */,
			);
			path = CATransition;
			sourceTree = "<group>";
		};
		849BC45A204695E900A2D9B6 /* Controller */ = {
			isa = PBXGroup;
			children = (
				847BC043204D1D1300D85C17 /* CATransitionListViewController.h */,
				847BC044204D1D1300D85C17 /* CATransitionListViewController.m */,
				847BC046204D1DB500D85C17 /* CATransitionViewController.h */,
				847BC047204D1DB500D85C17 /* CATransitionViewController.m */,
			);
			path = Controller;
			sourceTree = "<group>";
		};
		849BC45B204695F100A2D9B6 /* CAAnimationGroup */ = {
			isa = PBXGroup;
			children = (
				849BC45C204695F100A2D9B6 /* Controller */,
			);
			path = CAAnimationGroup;
			sourceTree = "<group>";
		};
		849BC45C204695F100A2D9B6 /* Controller */ = {
			isa = PBXGroup;
			children = (
				061E800922FD13B5003C9559 /* CAAnimationGroupListViewController.h */,
				061E800622FD13B5003C9559 /* CAAnimationGroupListViewController.m */,
				061E800822FD13B5003C9559 /* CAAnimationGroupViewController.h */,
				061E800722FD13B5003C9559 /* CAAnimationGroupViewController.m */,
			);
			path = Controller;
			sourceTree = "<group>";
		};
		84C9E5EA2047C86000C19B8A /* Other */ = {
			isa = PBXGroup;
			children = (
				84C9E5EB2047C87200C19B8A /* OtherListViewController.h */,
				84C9E5EC2047C87200C19B8A /* OtherListViewController.m */,
				84C9E5EE2047C8FB00C19B8A /* OtherViewController.h */,
				84C9E5EF2047C8FB00C19B8A /* OtherViewController.m */,
			);
			path = Other;
			sourceTree = "<group>";
		};
		84CBC1DB20457EB400B1EBC0 = {
			isa = PBXGroup;
			children = (
				84CBC1E620457EB400B1EBC0 /* CAAnimation */,
				84CBC20220457EB500B1EBC0 /* CAAnimationTests */,
				84CBC20D20457EB500B1EBC0 /* CAAnimationUITests */,
				84CBC1E520457EB400B1EBC0 /* Products */,
			);
			sourceTree = "<group>";
		};
		84CBC1E520457EB400B1EBC0 /* Products */ = {
			isa = PBXGroup;
			children = (
				84CBC1E420457EB400B1EBC0 /* CAAnimation.app */,
				84CBC1FF20457EB500B1EBC0 /* CAAnimationTests.xctest */,
				84CBC20A20457EB500B1EBC0 /* CAAnimationUITests.xctest */,
			);
			name = Products;
			sourceTree = "<group>";
		};
		84CBC1E620457EB400B1EBC0 /* CAAnimation */ = {
			isa = PBXGroup;
			children = (
				84CBC1E720457EB400B1EBC0 /* AppDelegate.h */,
				84CBC1E820457EB500B1EBC0 /* AppDelegate.m */,
				84CBC21C2045802D00B1EBC0 /* Main */,
				84CBC2342045902200B1EBC0 /* Expand */,
				84CBC1ED20457EB500B1EBC0 /* Main.storyboard */,
				84CBC1F320457EB500B1EBC0 /* Assets.xcassets */,
				84CBC1F520457EB500B1EBC0 /* LaunchScreen.storyboard */,
				84CBC1F820457EB500B1EBC0 /* Info.plist */,
				84CBC1F920457EB500B1EBC0 /* main.m */,
				84CBC1F020457EB500B1EBC0 /* CAAnimation.xcdatamodeld */,
			);
			path = CAAnimation;
			sourceTree = "<group>";
		};
		84CBC20220457EB500B1EBC0 /* CAAnimationTests */ = {
			isa = PBXGroup;
			children = (
				84CBC20320457EB500B1EBC0 /* CAAnimationTests.m */,
				84CBC20520457EB500B1EBC0 /* Info.plist */,
			);
			path = CAAnimationTests;
			sourceTree = "<group>";
		};
		84CBC20D20457EB500B1EBC0 /* CAAnimationUITests */ = {
			isa = PBXGroup;
			children = (
				84CBC20E20457EB500B1EBC0 /* CAAnimationUITests.m */,
				84CBC21020457EB500B1EBC0 /* Info.plist */,
			);
			path = CAAnimationUITests;
			sourceTree = "<group>";
		};
		84CBC21C2045802D00B1EBC0 /* Main */ = {
			isa = PBXGroup;
			children = (
				84CBC220204583FB00B1EBC0 /* Base */,
				84CBC2242045840200B1EBC0 /* CABasicAnimation */,
				849BC455204695D400A2D9B6 /* CAKeyframeAnimation */,
				849BC457204695DE00A2D9B6 /* CASpringAnimation */,
				849BC459204695E900A2D9B6 /* CATransition */,
				849BC45B204695F100A2D9B6 /* CAAnimationGroup */,
				84C9E5EA2047C86000C19B8A /* Other */,
			);
			path = Main;
			sourceTree = "<group>";
		};
		84CBC220204583FB00B1EBC0 /* Base */ = {
			isa = PBXGroup;
			children = (
				84CBC221204583FB00B1EBC0 /* Controller */,
			);
			path = Base;
			sourceTree = "<group>";
		};
		84CBC221204583FB00B1EBC0 /* Controller */ = {
			isa = PBXGroup;
			children = (
				84CBC2282045848400B1EBC0 /* BTSNavigationController.h */,
				84CBC2292045848400B1EBC0 /* BTSNavigationController.m */,
				84CBC22E20458C1300B1EBC0 /* BTSBaseViewController.h */,
				84CBC22F20458C1300B1EBC0 /* BTSBaseViewController.m */,
				84CBC23120458E2000B1EBC0 /* CAAnimationViewController.h */,
				84CBC23220458E2100B1EBC0 /* CAAnimationViewController.m */,
			);
			path = Controller;
			sourceTree = "<group>";
		};
		84CBC2242045840200B1EBC0 /* CABasicAnimation */ = {
			isa = PBXGroup;
			children = (
				84CBC2252045840200B1EBC0 /* Controller */,
			);
			path = CABasicAnimation;
			sourceTree = "<group>";
		};
		84CBC2252045840200B1EBC0 /* Controller */ = {
			isa = PBXGroup;
			children = (
				846814682045971200395059 /* CABasicAnimationListViewController.h */,
				846814692045971200395059 /* CABasicAnimationListViewController.m */,
				84681465204596EF00395059 /* CABasicAnimationViewController.h */,
				84681466204596EF00395059 /* CABasicAnimationViewController.m */,
				061E801222FD4704003C9559 /* CAAnimationHintViewController.h */,
				061E801322FD4704003C9559 /* CAAnimationHintViewController.m */,
			);
			path = Controller;
			sourceTree = "<group>";
		};
		84CBC2342045902200B1EBC0 /* Expand */ = {
			isa = PBXGroup;
			children = (
				061E800222FD0A91003C9559 /* Const */,
				84CBC2362045902200B1EBC0 /* Macro */,
			);
			path = Expand;
			sourceTree = "<group>";
		};
		84CBC2362045902200B1EBC0 /* Macro */ = {
			isa = PBXGroup;
			children = (
				84CBC2372045902200B1EBC0 /* Macro.h */,
			);
			path = Macro;
			sourceTree = "<group>";
		};
/* End PBXGroup section */

/* Begin PBXNativeTarget section */
		84CBC1E320457EB400B1EBC0 /* CAAnimation */ = {
			isa = PBXNativeTarget;
			buildConfigurationList = 84CBC21320457EB500B1EBC0 /* Build configuration list for PBXNativeTarget "CAAnimation" */;
			buildPhases = (
				84CBC1E020457EB400B1EBC0 /* Sources */,
				84CBC1E120457EB400B1EBC0 /* Frameworks */,
				84CBC1E220457EB400B1EBC0 /* Resources */,
			);
			buildRules = (
			);
			dependencies = (
			);
			name = CAAnimation;
			productName = CAAnimation;
			productReference = 84CBC1E420457EB400B1EBC0 /* CAAnimation.app */;
			productType = "com.apple.product-type.application";
		};
		84CBC1FE20457EB500B1EBC0 /* CAAnimationTests */ = {
			isa = PBXNativeTarget;
			buildConfigurationList = 84CBC21620457EB500B1EBC0 /* Build configuration list for PBXNativeTarget "CAAnimationTests" */;
			buildPhases = (
				84CBC1FB20457EB500B1EBC0 /* Sources */,
				84CBC1FC20457EB500B1EBC0 /* Frameworks */,
				84CBC1FD20457EB500B1EBC0 /* Resources */,
			);
			buildRules = (
			);
			dependencies = (
				84CBC20120457EB500B1EBC0 /* PBXTargetDependency */,
			);
			name = CAAnimationTests;
			productName = CAAnimationTests;
			productReference = 84CBC1FF20457EB500B1EBC0 /* CAAnimationTests.xctest */;
			productType = "com.apple.product-type.bundle.unit-test";
		};
		84CBC20920457EB500B1EBC0 /* CAAnimationUITests */ = {
			isa = PBXNativeTarget;
			buildConfigurationList = 84CBC21920457EB500B1EBC0 /* Build configuration list for PBXNativeTarget "CAAnimationUITests" */;
			buildPhases = (
				84CBC20620457EB500B1EBC0 /* Sources */,
				84CBC20720457EB500B1EBC0 /* Frameworks */,
				84CBC20820457EB500B1EBC0 /* Resources */,
			);
			buildRules = (
			);
			dependencies = (
				84CBC20C20457EB500B1EBC0 /* PBXTargetDependency */,
			);
			name = CAAnimationUITests;
			productName = CAAnimationUITests;
			productReference = 84CBC20A20457EB500B1EBC0 /* CAAnimationUITests.xctest */;
			productType = "com.apple.product-type.bundle.ui-testing";
		};
/* End PBXNativeTarget section */

/* Begin PBXProject section */
		84CBC1DC20457EB400B1EBC0 /* Project object */ = {
			isa = PBXProject;
			attributes = {
				LastUpgradeCheck = 1030;
				ORGANIZATIONNAME = BTStudio;
				TargetAttributes = {
					84CBC1E320457EB400B1EBC0 = {
						CreatedOnToolsVersion = 9.1;
						ProvisioningStyle = Automatic;
					};
					84CBC1FE20457EB500B1EBC0 = {
						CreatedOnToolsVersion = 9.1;
						ProvisioningStyle = Automatic;
						TestTargetID = 84CBC1E320457EB400B1EBC0;
					};
					84CBC20920457EB500B1EBC0 = {
						CreatedOnToolsVersion = 9.1;
						ProvisioningStyle = Automatic;
						TestTargetID = 84CBC1E320457EB400B1EBC0;
					};
				};
			};
			buildConfigurationList = 84CBC1DF20457EB400B1EBC0 /* Build configuration list for PBXProject "CAAnimation" */;
			compatibilityVersion = "Xcode 8.0";
			developmentRegion = en;
			hasScannedForEncodings = 0;
			knownRegions = (
				en,
				Base,
			);
			mainGroup = 84CBC1DB20457EB400B1EBC0;
			productRefGroup = 84CBC1E520457EB400B1EBC0 /* Products */;
			projectDirPath = "";
			projectRoot = "";
			targets = (
				84CBC1E320457EB400B1EBC0 /* CAAnimation */,
				84CBC1FE20457EB500B1EBC0 /* CAAnimationTests */,
				84CBC20920457EB500B1EBC0 /* CAAnimationUITests */,
			);
		};
/* End PBXProject section */

/* Begin PBXResourcesBuildPhase section */
		84CBC1E220457EB400B1EBC0 /* Resources */ = {
			isa = PBXResourcesBuildPhase;
			buildActionMask = 2147483647;
			files = (
				84CBC1F720457EB500B1EBC0 /* LaunchScreen.storyboard in Resources */,
				84CBC1F420457EB500B1EBC0 /* Assets.xcassets in Resources */,
				84CBC1EF20457EB500B1EBC0 /* Main.storyboard in Resources */,
			);
			runOnlyForDeploymentPostprocessing = 0;
		};
		84CBC1FD20457EB500B1EBC0 /* Resources */ = {
			isa = PBXResourcesBuildPhase;
			buildActionMask = 2147483647;
			files = (
			);
			runOnlyForDeploymentPostprocessing = 0;
		};
		84CBC20820457EB500B1EBC0 /* Resources */ = {
			isa = PBXResourcesBuildPhase;
			buildActionMask = 2147483647;
			files = (
			);
			runOnlyForDeploymentPostprocessing = 0;
		};
/* End PBXResourcesBuildPhase section */

/* Begin PBXSourcesBuildPhase section */
		84CBC1E020457EB400B1EBC0 /* Sources */ = {
			isa = PBXSourcesBuildPhase;
			buildActionMask = 2147483647;
			files = (
				847BC045204D1D1300D85C17 /* CATransitionListViewController.m in Sources */,
				8468146A2045971200395059 /* CABasicAnimationListViewController.m in Sources */,
				84CBC23020458C1300B1EBC0 /* BTSBaseViewController.m in Sources */,
				061E800522FD0A9B003C9559 /* Const.m in Sources */,
				84C9E5ED2047C87200C19B8A /* OtherListViewController.m in Sources */,
				849BC45F2046961800A2D9B6 /* CAKeyframeAnimationListViewController.m in Sources */,
				061E800B22FD13B5003C9559 /* CAAnimationGroupViewController.m in Sources */,
				849BC4622046962700A2D9B6 /* CAKeyframeAnimationViewController.m in Sources */,
				061E801422FD4704003C9559 /* CAAnimationHintViewController.m in Sources */,
				061E800A22FD13B5003C9559 /* CAAnimationGroupListViewController.m in Sources */,
				061E7FFD22FD0903003C9559 /* CASpringAnimationViewController.m in Sources */,
				84CBC1F220457EB500B1EBC0 /* CAAnimation.xcdatamodeld in Sources */,
				84CBC22A2045848400B1EBC0 /* BTSNavigationController.m in Sources */,
				847BC042204CEF8100D85C17 /* BeautifulSceneViewController.m in Sources */,
				84CBC1FA20457EB500B1EBC0 /* main.m in Sources */,
				84681467204596EF00395059 /* CABasicAnimationViewController.m in Sources */,
				84C9E5F02047C8FB00C19B8A /* OtherViewController.m in Sources */,
				84CBC1E920457EB500B1EBC0 /* AppDelegate.m in Sources */,
				061E7FFE22FD0903003C9559 /* CASpringAnimationListViewController.m in Sources */,
				84CBC23320458E2100B1EBC0 /* CAAnimationViewController.m in Sources */,
				847BC048204D1DB500D85C17 /* CATransitionViewController.m in Sources */,
			);
			runOnlyForDeploymentPostprocessing = 0;
		};
		84CBC1FB20457EB500B1EBC0 /* Sources */ = {
			isa = PBXSourcesBuildPhase;
			buildActionMask = 2147483647;
			files = (
				84CBC20420457EB500B1EBC0 /* CAAnimationTests.m in Sources */,
			);
			runOnlyForDeploymentPostprocessing = 0;
		};
		84CBC20620457EB500B1EBC0 /* Sources */ = {
			isa = PBXSourcesBuildPhase;
			buildActionMask = 2147483647;
			files = (
				84CBC20F20457EB500B1EBC0 /* CAAnimationUITests.m in Sources */,
			);
			runOnlyForDeploymentPostprocessing = 0;
		};
/* End PBXSourcesBuildPhase section */

/* Begin PBXTargetDependency section */
		84CBC20120457EB500B1EBC0 /* PBXTargetDependency */ = {
			isa = PBXTargetDependency;
			target = 84CBC1E320457EB400B1EBC0 /* CAAnimation */;
			targetProxy = 84CBC20020457EB500B1EBC0 /* PBXContainerItemProxy */;
		};
		84CBC20C20457EB500B1EBC0 /* PBXTargetDependency */ = {
			isa = PBXTargetDependency;
			target = 84CBC1E320457EB400B1EBC0 /* CAAnimation */;
			targetProxy = 84CBC20B20457EB500B1EBC0 /* PBXContainerItemProxy */;
		};
/* End PBXTargetDependency section */

/* Begin PBXVariantGroup section */
		84CBC1ED20457EB500B1EBC0 /* Main.storyboard */ = {
			isa = PBXVariantGroup;
			children = (
				84CBC1EE20457EB500B1EBC0 /* Base */,
			);
			name = Main.storyboard;
			sourceTree = "<group>";
		};
		84CBC1F520457EB500B1EBC0 /* LaunchScreen.storyboard */ = {
			isa = PBXVariantGroup;
			children = (
				84CBC1F620457EB500B1EBC0 /* Base */,
			);
			name = LaunchScreen.storyboard;
			sourceTree = "<group>";
		};
/* End PBXVariantGroup section */

/* Begin XCBuildConfiguration section */
		84CBC21120457EB500B1EBC0 /* Debug */ = {
			isa = XCBuildConfiguration;
			buildSettings = {
				ALWAYS_SEARCH_USER_PATHS = NO;
				CLANG_ANALYZER_NONNULL = YES;
				CLANG_ANALYZER_NUMBER_OBJECT_CONVERSION = YES_AGGRESSIVE;
				CLANG_CXX_LANGUAGE_STANDARD = "gnu++14";
				CLANG_CXX_LIBRARY = "libc++";
				CLANG_ENABLE_MODULES = YES;
				CLANG_ENABLE_OBJC_ARC = YES;
				CLANG_WARN_BLOCK_CAPTURE_AUTORELEASING = YES;
				CLANG_WARN_BOOL_CONVERSION = YES;
				CLANG_WARN_COMMA = YES;
				CLANG_WARN_CONSTANT_CONVERSION = YES;
				CLANG_WARN_DEPRECATED_OBJC_IMPLEMENTATIONS = YES;
				CLANG_WARN_DIRECT_OBJC_ISA_USAGE = YES_ERROR;
				CLANG_WARN_DOCUMENTATION_COMMENTS = YES;
				CLANG_WARN_EMPTY_BODY = YES;
				CLANG_WARN_ENUM_CONVERSION = YES;
				CLANG_WARN_INFINITE_RECURSION = YES;
				CLANG_WARN_INT_CONVERSION = YES;
				CLANG_WARN_NON_LITERAL_NULL_CONVERSION = YES;
				CLANG_WARN_OBJC_IMPLICIT_RETAIN_SELF = YES;
				CLANG_WARN_OBJC_LITERAL_CONVERSION = YES;
				CLANG_WARN_OBJC_ROOT_CLASS = YES_ERROR;
				CLANG_WARN_RANGE_LOOP_ANALYSIS = YES;
				CLANG_WARN_STRICT_PROTOTYPES = YES;
				CLANG_WARN_SUSPICIOUS_MOVE = YES;
				CLANG_WARN_UNGUARDED_AVAILABILITY = YES_AGGRESSIVE;
				CLANG_WARN_UNREACHABLE_CODE = YES;
				CLANG_WARN__DUPLICATE_METHOD_MATCH = YES;
				CODE_SIGN_IDENTITY = "iPhone Developer";
				COPY_PHASE_STRIP = NO;
				DEBUG_INFORMATION_FORMAT = dwarf;
				ENABLE_STRICT_OBJC_MSGSEND = YES;
				ENABLE_TESTABILITY = YES;
				GCC_C_LANGUAGE_STANDARD = gnu11;
				GCC_DYNAMIC_NO_PIC = NO;
				GCC_NO_COMMON_BLOCKS = YES;
				GCC_OPTIMIZATION_LEVEL = 0;
				GCC_PREPROCESSOR_DEFINITIONS = (
					"DEBUG=1",
					"$(inherited)",
				);
				GCC_WARN_64_TO_32_BIT_CONVERSION = YES;
				GCC_WARN_ABOUT_RETURN_TYPE = YES_ERROR;
				GCC_WARN_UNDECLARED_SELECTOR = YES;
				GCC_WARN_UNINITIALIZED_AUTOS = YES_AGGRESSIVE;
				GCC_WARN_UNUSED_FUNCTION = YES;
				GCC_WARN_UNUSED_VARIABLE = YES;
				IPHONEOS_DEPLOYMENT_TARGET = 11.1;
				MTL_ENABLE_DEBUG_INFO = YES;
				ONLY_ACTIVE_ARCH = YES;
				SDKROOT = iphoneos;
			};
			name = Debug;
		};
		84CBC21220457EB500B1EBC0 /* Release */ = {
			isa = XCBuildConfiguration;
			buildSettings = {
				ALWAYS_SEARCH_USER_PATHS = NO;
				CLANG_ANALYZER_NONNULL = YES;
				CLANG_ANALYZER_NUMBER_OBJECT_CONVERSION = YES_AGGRESSIVE;
				CLANG_CXX_LANGUAGE_STANDARD = "gnu++14";
				CLANG_CXX_LIBRARY = "libc++";
				CLANG_ENABLE_MODULES = YES;
				CLANG_ENABLE_OBJC_ARC = YES;
				CLANG_WARN_BLOCK_CAPTURE_AUTORELEASING = YES;
				CLANG_WARN_BOOL_CONVERSION = YES;
				CLANG_WARN_COMMA = YES;
				CLANG_WARN_CONSTANT_CONVERSION = YES;
				CLANG_WARN_DEPRECATED_OBJC_IMPLEMENTATIONS = YES;
				CLANG_WARN_DIRECT_OBJC_ISA_USAGE = YES_ERROR;
				CLANG_WARN_DOCUMENTATION_COMMENTS = YES;
				CLANG_WARN_EMPTY_BODY = YES;
				CLANG_WARN_ENUM_CONVERSION = YES;
				CLANG_WARN_INFINITE_RECURSION = YES;
				CLANG_WARN_INT_CONVERSION = YES;
				CLANG_WARN_NON_LITERAL_NULL_CONVERSION = YES;
				CLANG_WARN_OBJC_IMPLICIT_RETAIN_SELF = YES;
				CLANG_WARN_OBJC_LITERAL_CONVERSION = YES;
				CLANG_WARN_OBJC_ROOT_CLASS = YES_ERROR;
				CLANG_WARN_RANGE_LOOP_ANALYSIS = YES;
				CLANG_WARN_STRICT_PROTOTYPES = YES;
				CLANG_WARN_SUSPICIOUS_MOVE = YES;
				CLANG_WARN_UNGUARDED_AVAILABILITY = YES_AGGRESSIVE;
				CLANG_WARN_UNREACHABLE_CODE = YES;
				CLANG_WARN__DUPLICATE_METHOD_MATCH = YES;
				CODE_SIGN_IDENTITY = "iPhone Developer";
				COPY_PHASE_STRIP = NO;
				DEBUG_INFORMATION_FORMAT = "dwarf-with-dsym";
				ENABLE_NS_ASSERTIONS = NO;
				ENABLE_STRICT_OBJC_MSGSEND = YES;
				GCC_C_LANGUAGE_STANDARD = gnu11;
				GCC_NO_COMMON_BLOCKS = YES;
				GCC_WARN_64_TO_32_BIT_CONVERSION = YES;
				GCC_WARN_ABOUT_RETURN_TYPE = YES_ERROR;
				GCC_WARN_UNDECLARED_SELECTOR = YES;
				GCC_WARN_UNINITIALIZED_AUTOS = YES_AGGRESSIVE;
				GCC_WARN_UNUSED_FUNCTION = YES;
				GCC_WARN_UNUSED_VARIABLE = YES;
				IPHONEOS_DEPLOYMENT_TARGET = 11.1;
				MTL_ENABLE_DEBUG_INFO = NO;
				SDKROOT = iphoneos;
				VALIDATE_PRODUCT = YES;
			};
			name = Release;
		};
		84CBC21420457EB500B1EBC0 /* Debug */ = {
			isa = XCBuildConfiguration;
			buildSettings = {
				ASSETCATALOG_COMPILER_APPICON_NAME = AppIcon;
				"CODE_SIGN_IDENTITY[sdk=iphoneos*]" = "iPhone Developer";
				CODE_SIGN_STYLE = Automatic;
				DEVELOPMENT_TEAM = Q9DDP5YT6J;
				INFOPLIST_FILE = CAAnimation/Info.plist;
				IPHONEOS_DEPLOYMENT_TARGET = 9.0;
				LD_RUNPATH_SEARCH_PATHS = "$(inherited) @executable_path/Frameworks";
				PRODUCT_BUNDLE_IDENTIFIER = com.BTStudio.CAAnimation;
				PRODUCT_NAME = "$(TARGET_NAME)";
				PROVISIONING_PROFILE_SPECIFIER = "";
				TARGETED_DEVICE_FAMILY = 1;
			};
			name = Debug;
		};
		84CBC21520457EB500B1EBC0 /* Release */ = {
			isa = XCBuildConfiguration;
			buildSettings = {
				ASSETCATALOG_COMPILER_APPICON_NAME = AppIcon;
				"CODE_SIGN_IDENTITY[sdk=iphoneos*]" = "iPhone Developer";
				CODE_SIGN_STYLE = Automatic;
				DEVELOPMENT_TEAM = Q9DDP5YT6J;
				INFOPLIST_FILE = CAAnimation/Info.plist;
				IPHONEOS_DEPLOYMENT_TARGET = 9.0;
				LD_RUNPATH_SEARCH_PATHS = "$(inherited) @executable_path/Frameworks";
				PRODUCT_BUNDLE_IDENTIFIER = com.BTStudio.CAAnimation;
				PRODUCT_NAME = "$(TARGET_NAME)";
				PROVISIONING_PROFILE_SPECIFIER = "";
				TARGETED_DEVICE_FAMILY = 1;
			};
			name = Release;
		};
		84CBC21720457EB500B1EBC0 /* Debug */ = {
			isa = XCBuildConfiguration;
			buildSettings = {
				BUNDLE_LOADER = "$(TEST_HOST)";
				CODE_SIGN_STYLE = Automatic;
				DEVELOPMENT_TEAM = Q9DDP5YT6J;
				INFOPLIST_FILE = CAAnimationTests/Info.plist;
				LD_RUNPATH_SEARCH_PATHS = "$(inherited) @executable_path/Frameworks @loader_path/Frameworks";
				PRODUCT_BUNDLE_IDENTIFIER = com.BTStudio.CAAnimationTests;
				PRODUCT_NAME = "$(TARGET_NAME)";
				TARGETED_DEVICE_FAMILY = "1,2";
				TEST_HOST = "$(BUILT_PRODUCTS_DIR)/CAAnimation.app/CAAnimation";
			};
			name = Debug;
		};
		84CBC21820457EB500B1EBC0 /* Release */ = {
			isa = XCBuildConfiguration;
			buildSettings = {
				BUNDLE_LOADER = "$(TEST_HOST)";
				CODE_SIGN_STYLE = Automatic;
				DEVELOPMENT_TEAM = Q9DDP5YT6J;
				INFOPLIST_FILE = CAAnimationTests/Info.plist;
				LD_RUNPATH_SEARCH_PATHS = "$(inherited) @executable_path/Frameworks @loader_path/Frameworks";
				PRODUCT_BUNDLE_IDENTIFIER = com.BTStudio.CAAnimationTests;
				PRODUCT_NAME = "$(TARGET_NAME)";
				TARGETED_DEVICE_FAMILY = "1,2";
				TEST_HOST = "$(BUILT_PRODUCTS_DIR)/CAAnimation.app/CAAnimation";
			};
			name = Release;
		};
		84CBC21A20457EB500B1EBC0 /* Debug */ = {
			isa = XCBuildConfiguration;
			buildSettings = {
				CODE_SIGN_STYLE = Automatic;
				DEVELOPMENT_TEAM = Q9DDP5YT6J;
				INFOPLIST_FILE = CAAnimationUITests/Info.plist;
				LD_RUNPATH_SEARCH_PATHS = "$(inherited) @executable_path/Frameworks @loader_path/Frameworks";
				PRODUCT_BUNDLE_IDENTIFIER = com.BTStudio.CAAnimationUITests;
				PRODUCT_NAME = "$(TARGET_NAME)";
				TARGETED_DEVICE_FAMILY = "1,2";
				TEST_TARGET_NAME = CAAnimation;
			};
			name = Debug;
		};
		84CBC21B20457EB500B1EBC0 /* Release */ = {
			isa = XCBuildConfiguration;
			buildSettings = {
				CODE_SIGN_STYLE = Automatic;
				DEVELOPMENT_TEAM = Q9DDP5YT6J;
				INFOPLIST_FILE = CAAnimationUITests/Info.plist;
				LD_RUNPATH_SEARCH_PATHS = "$(inherited) @executable_path/Frameworks @loader_path/Frameworks";
				PRODUCT_BUNDLE_IDENTIFIER = com.BTStudio.CAAnimationUITests;
				PRODUCT_NAME = "$(TARGET_NAME)";
				TARGETED_DEVICE_FAMILY = "1,2";
				TEST_TARGET_NAME = CAAnimation;
			};
			name = Release;
		};
/* End XCBuildConfiguration section */

/* Begin XCConfigurationList section */
		84CBC1DF20457EB400B1EBC0 /* Build configuration list for PBXProject "CAAnimation" */ = {
			isa = XCConfigurationList;
			buildConfigurations = (
				84CBC21120457EB500B1EBC0 /* Debug */,
				84CBC21220457EB500B1EBC0 /* Release */,
			);
			defaultConfigurationIsVisible = 0;
			defaultConfigurationName = Release;
		};
		84CBC21320457EB500B1EBC0 /* Build configuration list for PBXNativeTarget "CAAnimation" */ = {
			isa = XCConfigurationList;
			buildConfigurations = (
				84CBC21420457EB500B1EBC0 /* Debug */,
				84CBC21520457EB500B1EBC0 /* Release */,
			);
			defaultConfigurationIsVisible = 0;
			defaultConfigurationName = Release;
		};
		84CBC21620457EB500B1EBC0 /* Build configuration list for PBXNativeTarget "CAAnimationTests" */ = {
			isa = XCConfigurationList;
			buildConfigurations = (
				84CBC21720457EB500B1EBC0 /* Debug */,
				84CBC21820457EB500B1EBC0 /* Release */,
			);
			defaultConfigurationIsVisible = 0;
			defaultConfigurationName = Release;
		};
		84CBC21920457EB500B1EBC0 /* Build configuration list for PBXNativeTarget "CAAnimationUITests" */ = {
			isa = XCConfigurationList;
			buildConfigurations = (
				84CBC21A20457EB500B1EBC0 /* Debug */,
				84CBC21B20457EB500B1EBC0 /* Release */,
			);
			defaultConfigurationIsVisible = 0;
			defaultConfigurationName = Release;
		};
/* End XCConfigurationList section */

/* Begin XCVersionGroup section */
		84CBC1F020457EB500B1EBC0 /* CAAnimation.xcdatamodeld */ = {
			isa = XCVersionGroup;
			children = (
				84CBC1F120457EB500B1EBC0 /* CAAnimation.xcdatamodel */,
			);
			currentVersion = 84CBC1F120457EB500B1EBC0 /* CAAnimation.xcdatamodel */;
			path = CAAnimation.xcdatamodeld;
			sourceTree = "<group>";
			versionGroupType = wrapper.xcdatamodel;
		};
/* End XCVersionGroup section */
	};
	rootObject = 84CBC1DC20457EB400B1EBC0 /* Project object */;
}
